
Microsoft Visual Studio Solution File, Format Version 12.00
# Visual Studio Version 17
VisualStudioVersion = 17.7.34031.279
MinimumVisualStudioVersion = 10.0.40219.1
Project("{9A19103F-16F7-4668-BE54-9A1E7A4F7556}") = "Problem_1", "Problem_1\Problem_1.csproj", "{04EC47BF-063F-4794-A9EB-BBC3A6B09F89}"
EndProject
Project("{9A19103F-16F7-4668-BE54-9A1E7A4F7556}") = "Problem_2", "Problem_2\Problem_2.csproj", "{4D47D7E5-F816-4BD6-9FAD-EF8001BB3F54}"
EndProject
Project("{9A19103F-16F7-4668-BE54-9A1E7A4F7556}") = "Problem_3-5", "Problem_3-5\Problem_3-5.csproj", "{90390DBD-4C83-4F6B-8C8E-3B9C0303ED94}"
EndProject
Project("{FAE04EC0-301F-11D3-BF4B-00C04F79EFBC}") = "Problem_6", "Problem_6\Problem_6.csproj", "{E75849E2-B1E4-4CCF-9B92-5147A47C92F0}"
EndProject
Global
	GlobalSection(SolutionConfigurationPlatforms) = preSolution
		Debug|Any CPU = Debug|Any CPU
		Release|Any CPU = Release|Any CPU
	EndGlobalSection
	GlobalSection(ProjectConfigurationPlatforms) = postSolution
		{04EC47BF-063F-4794-A9EB-BBC3A6B09F89}.Debug|Any CPU.ActiveCfg = Debug|Any CPU
		{04EC47BF-063F-4794-A9EB-BBC3A6B09F89}.Debug|Any CPU.Build.0 = Debug|Any CPU
		{04EC47BF-063F-4794-A9EB-BBC3A6B09F89}.Release|Any CPU.ActiveCfg = Release|Any CPU
		{04EC47BF-063F-4794-A9EB-BBC3A6B09F89}.Release|Any CPU.Build.0 = Release|Any CPU
		{4D47D7E5-F816-4BD6-9FAD-EF8001BB3F54}.Debug|Any CPU.ActiveCfg = Debug|Any CPU
		{4D47D7E5-F816-4BD6-9FAD-EF8001BB3F54}.Debug|Any CPU.Build.0 = Debug|Any CPU
		{4D47D7E5-F816-4BD6-9FAD-EF8001BB3F54}.Release|Any CPU.ActiveCfg = Release|Any CPU
		{4D47D7E5-F816-4BD6-9FAD-EF8001BB3F54}.Release|Any CPU.Build.0 = Release|Any CPU
		{90390DBD-4C83-4F6B-8C8E-3B9C0303ED94}.Debug|Any CPU.ActiveCfg = Debug|Any CPU
		{90390DBD-4C83-4F6B-8C8E-3B9C0303ED94}.Debug|Any CPU.Build.0 = Debug|Any CPU
		{90390DBD-4C83-4F6B-8C8E-3B9C0303ED94}.Release|Any CPU.ActiveCfg = Release|Any CPU
		{90390DBD-4C83-4F6B-8C8E-3B9C0303ED94}.Release|Any CPU.Build.0 = Release|Any CPU
		{E75849E2-B1E4-4CCF-9B92-5147A47C92F0}.Debug|Any CPU.ActiveCfg = Debug|Any CPU
		{E75849E2-B1E4-4CCF-9B92-5147A47C92F0}.Debug|Any CPU.Build.0 = Debug|Any CPU
		{E75849E2-B1E4-4CCF-9B92-5147A47C92F0}.Release|Any CPU.ActiveCfg = Release|Any CPU
		{E75849E2-B1E4-4CCF-9B92-5147A47C92F0}.Release|Any CPU.Build.0 = Release|Any CPU
	EndGlobalSection
	GlobalSection(SolutionProperties) = preSolution
		HideSolutionNode = FALSE
	EndGlobalSection
	GlobalSection(ExtensibilityGlobals) = postSolution
		SolutionGuid = {D59CAF20-4F48-45D1-916F-28DB3F08116A}
	EndGlobalSection
EndGlobal
